
Microsoft Visual Studio Solution File, Format Version 12.00
Project("{F2A71F9B-5D33-465A-A702-920D77279786}") = "Aelgi.IOT.Serial.Lights", "Aelgi.IOT.Serial.Lights\Aelgi.IOT.Serial.Lights.fsproj", "{5DD2A179-5FAA-479C-8EF2-A947E3D4E5E4}"
EndProject
Project("{2150E333-8FDC-42A3-9474-1A3956D46DE8}") = "Serial", "Serial", "{6F3186F1-2A18-4807-B82A-41EAD94EBB9A}"
EndProject
Project("{2150E333-8FDC-42A3-9474-1A3956D46DE8}") = "Lights", "Lights", "{50703D0A-0F54-46F4-83A5-14254F7E940F}"
EndProject
Project("{F2A71F9B-5D33-465A-A702-920D77279786}") = "Aelgi.IOT.Serial.Lights.SerialWriter", "Aelgi.IOT.Serial.Lights.SerialWriter\Aelgi.IOT.Serial.Lights.SerialWriter.fsproj", "{A79B72B8-A49E-46C8-8A21-C0C92B294E6D}"
EndProject
Project("{F2A71F9B-5D33-465A-A702-920D77279786}") = "Aelgi.IOT.Serial.Lights.Core", "Aelgi.IOT.Serial.Lights.Core\Aelgi.IOT.Serial.Lights.Core.fsproj", "{96216C8B-68BA-4CF2-ABFC-AA718B6BE509}"
EndProject
Project("{F2A71F9B-5D33-465A-A702-920D77279786}") = "Aelgi.IOT.Serial.Lights.LightsVisualizer", "Aelgi.IOT.Serial.Lights.LightsVisualizer\Aelgi.IOT.Serial.Lights.LightsVisualizer.fsproj", "{CA5F9587-C73C-4742-833F-4CDCD053E4E2}"
EndProject
Global
	GlobalSection(SolutionConfigurationPlatforms) = preSolution
		Debug|Any CPU = Debug|Any CPU
		Release|Any CPU = Release|Any CPU
	EndGlobalSection
	GlobalSection(ProjectConfigurationPlatforms) = postSolution
		{5DD2A179-5FAA-479C-8EF2-A947E3D4E5E4}.Debug|Any CPU.ActiveCfg = Debug|Any CPU
		{5DD2A179-5FAA-479C-8EF2-A947E3D4E5E4}.Debug|Any CPU.Build.0 = Debug|Any CPU
		{5DD2A179-5FAA-479C-8EF2-A947E3D4E5E4}.Release|Any CPU.ActiveCfg = Release|Any CPU
		{5DD2A179-5FAA-479C-8EF2-A947E3D4E5E4}.Release|Any CPU.Build.0 = Release|Any CPU
		{A79B72B8-A49E-46C8-8A21-C0C92B294E6D}.Debug|Any CPU.ActiveCfg = Debug|Any CPU
		{A79B72B8-A49E-46C8-8A21-C0C92B294E6D}.Debug|Any CPU.Build.0 = Debug|Any CPU
		{A79B72B8-A49E-46C8-8A21-C0C92B294E6D}.Release|Any CPU.ActiveCfg = Release|Any CPU
		{A79B72B8-A49E-46C8-8A21-C0C92B294E6D}.Release|Any CPU.Build.0 = Release|Any CPU
		{96216C8B-68BA-4CF2-ABFC-AA718B6BE509}.Debug|Any CPU.ActiveCfg = Debug|Any CPU
		{96216C8B-68BA-4CF2-ABFC-AA718B6BE509}.Debug|Any CPU.Build.0 = Debug|Any CPU
		{96216C8B-68BA-4CF2-ABFC-AA718B6BE509}.Release|Any CPU.ActiveCfg = Release|Any CPU
		{96216C8B-68BA-4CF2-ABFC-AA718B6BE509}.Release|Any CPU.Build.0 = Release|Any CPU
		{CA5F9587-C73C-4742-833F-4CDCD053E4E2}.Debug|Any CPU.ActiveCfg = Debug|Any CPU
		{CA5F9587-C73C-4742-833F-4CDCD053E4E2}.Debug|Any CPU.Build.0 = Debug|Any CPU
		{CA5F9587-C73C-4742-833F-4CDCD053E4E2}.Release|Any CPU.ActiveCfg = Release|Any CPU
		{CA5F9587-C73C-4742-833F-4CDCD053E4E2}.Release|Any CPU.Build.0 = Release|Any CPU
	EndGlobalSection
	GlobalSection(NestedProjects) = preSolution
		{50703D0A-0F54-46F4-83A5-14254F7E940F} = {6F3186F1-2A18-4807-B82A-41EAD94EBB9A}
		{5DD2A179-5FAA-479C-8EF2-A947E3D4E5E4} = {50703D0A-0F54-46F4-83A5-14254F7E940F}
		{A79B72B8-A49E-46C8-8A21-C0C92B294E6D} = {50703D0A-0F54-46F4-83A5-14254F7E940F}
		{96216C8B-68BA-4CF2-ABFC-AA718B6BE509} = {50703D0A-0F54-46F4-83A5-14254F7E940F}
		{CA5F9587-C73C-4742-833F-4CDCD053E4E2} = {50703D0A-0F54-46F4-83A5-14254F7E940F}
	EndGlobalSection
EndGlobal
